
Microsoft Visual Studio Solution File, Format Version 12.00
# Visual Studio Version 17
VisualStudioVersion = 17.2.32516.85
MinimumVisualStudioVersion = 10.0.40219.1
Project("{FAE04EC0-301F-11D3-BF4B-00C04F79EFBC}") = "Storage_Backend", "Storage_Backend\Storage_Backend.csproj", "{45BDA549-3F71-46F9-BC97-E13D853B82D0}"
EndProject
Global
	GlobalSection(SolutionConfigurationPlatforms) = preSolution
		Debug|Any CPU = Debug|Any CPU
		Release|Any CPU = Release|Any CPU
	EndGlobalSection
	GlobalSection(ProjectConfigurationPlatforms) = postSolution
		{45BDA549-3F71-46F9-BC97-E13D853B82D0}.Debug|Any CPU.ActiveCfg = Debug|Any CPU
		{45BDA549-3F71-46F9-BC97-E13D853B82D0}.Debug|Any CPU.Build.0 = Debug|Any CPU
		{45BDA549-3F71-46F9-BC97-E13D853B82D0}.Release|Any CPU.ActiveCfg = Release|Any CPU
		{45BDA549-3F71-46F9-BC97-E13D853B82D0}.Release|Any CPU.Build.0 = Release|Any CPU
	EndGlobalSection
	GlobalSection(SolutionProperties) = preSolution
		HideSolutionNode = FALSE
	EndGlobalSection
	GlobalSection(ExtensibilityGlobals) = postSolution
		SolutionGuid = {840A8E52-1595-42D7-93B8-AC6AA1CAC6E7}
	EndGlobalSection
EndGlobal
